
Microsoft Visual Studio Solution File, Format Version 12.00
# Visual Studio Version 17
VisualStudioVersion = 17.9.34728.123
MinimumVisualStudioVersion = 10.0.40219.1
Project("{FAE04EC0-301F-11D3-BF4B-00C04F79EFBC}") = "UpworkDemo", "UpworkDemo.csproj", "{A85B7F0F-60C3-4D13-A2C8-B15DB8A36D0A}"
EndProject
Global
	GlobalSection(SolutionConfigurationPlatforms) = preSolution
		Debug|Any CPU = Debug|Any CPU
		Release|Any CPU = Release|Any CPU
	EndGlobalSection
	GlobalSection(ProjectConfigurationPlatforms) = postSolution
		{A85B7F0F-60C3-4D13-A2C8-B15DB8A36D0A}.Debug|Any CPU.ActiveCfg = Debug|Any CPU
		{A85B7F0F-60C3-4D13-A2C8-B15DB8A36D0A}.Debug|Any CPU.Build.0 = Debug|Any CPU
		{A85B7F0F-60C3-4D13-A2C8-B15DB8A36D0A}.Debug|Any CPU.Deploy.0 = Debug|Any CPU
		{A85B7F0F-60C3-4D13-A2C8-B15DB8A36D0A}.Release|Any CPU.ActiveCfg = Release|Any CPU
		{A85B7F0F-60C3-4D13-A2C8-B15DB8A36D0A}.Release|Any CPU.Build.0 = Release|Any CPU
		{A85B7F0F-60C3-4D13-A2C8-B15DB8A36D0A}.Release|Any CPU.Deploy.0 = Release|Any CPU
	EndGlobalSection
	GlobalSection(SolutionProperties) = preSolution
		HideSolutionNode = FALSE
	EndGlobalSection
	GlobalSection(ExtensibilityGlobals) = postSolution
		SolutionGuid = {61DB0101-32E3-4722-B787-FF55B3A3CAE2}
	EndGlobalSection
EndGlobal
